
Microsoft Visual Studio Solution File, Format Version 12.00
# Visual Studio 15
VisualStudioVersion = 15.0.26403.7
MinimumVisualStudioVersion = 10.0.40219.1
Project("{FAE04EC0-301F-11D3-BF4B-00C04F79EFBC}") = "AspNetMvc.Authorization.PermissionBased", "AspNetMvc.Authorization.PermissionBased\AspNetMvc.Authorization.PermissionBased.csproj", "{2552119C-4740-40B7-8035-833C85E4F210}"
EndProject
Project("{FAE04EC0-301F-11D3-BF4B-00C04F79EFBC}") = "Example.StudentsManagement", "Example.StudentsManagement\Example.StudentsManagement.csproj", "{0184BE5F-CF0F-4D37-B4FD-2F82BA44943A}"
EndProject
Global
	GlobalSection(SolutionConfigurationPlatforms) = preSolution
		Debug|Any CPU = Debug|Any CPU
		Release|Any CPU = Release|Any CPU
	EndGlobalSection
	GlobalSection(ProjectConfigurationPlatforms) = postSolution
		{2552119C-4740-40B7-8035-833C85E4F210}.Debug|Any CPU.ActiveCfg = Debug|Any CPU
		{2552119C-4740-40B7-8035-833C85E4F210}.Debug|Any CPU.Build.0 = Debug|Any CPU
		{2552119C-4740-40B7-8035-833C85E4F210}.Release|Any CPU.ActiveCfg = Release|Any CPU
		{2552119C-4740-40B7-8035-833C85E4F210}.Release|Any CPU.Build.0 = Release|Any CPU
		{0184BE5F-CF0F-4D37-B4FD-2F82BA44943A}.Debug|Any CPU.ActiveCfg = Debug|Any CPU
		{0184BE5F-CF0F-4D37-B4FD-2F82BA44943A}.Debug|Any CPU.Build.0 = Debug|Any CPU
		{0184BE5F-CF0F-4D37-B4FD-2F82BA44943A}.Release|Any CPU.ActiveCfg = Release|Any CPU
		{0184BE5F-CF0F-4D37-B4FD-2F82BA44943A}.Release|Any CPU.Build.0 = Release|Any CPU
	EndGlobalSection
	GlobalSection(SolutionProperties) = preSolution
		HideSolutionNode = FALSE
	EndGlobalSection
EndGlobal
